
Microsoft Visual Studio Solution File, Format Version 12.00
# Visual Studio Version 17
VisualStudioVersion = 17.14.36310.24
MinimumVisualStudioVersion = 10.0.40219.1
Project("{FAE04EC0-301F-11D3-BF4B-00C04F79EFBC}") = "SimpleLedger.WebApplication", "SimpleLedger.WebApplication\SimpleLedger.WebApplication.csproj", "{FEF41219-0C6C-4103-A597-B1D22B85F16B}"
EndProject
Global
	GlobalSection(SolutionConfigurationPlatforms) = preSolution
		Debug|Any CPU = Debug|Any CPU
		Release|Any CPU = Release|Any CPU
	EndGlobalSection
	GlobalSection(ProjectConfigurationPlatforms) = postSolution
		{FEF41219-0C6C-4103-A597-B1D22B85F16B}.Debug|Any CPU.ActiveCfg = Debug|Any CPU
		{FEF41219-0C6C-4103-A597-B1D22B85F16B}.Debug|Any CPU.Build.0 = Debug|Any CPU
		{FEF41219-0C6C-4103-A597-B1D22B85F16B}.Release|Any CPU.ActiveCfg = Release|Any CPU
		{FEF41219-0C6C-4103-A597-B1D22B85F16B}.Release|Any CPU.Build.0 = Release|Any CPU
	EndGlobalSection
	GlobalSection(SolutionProperties) = preSolution
		HideSolutionNode = FALSE
	EndGlobalSection
	GlobalSection(ExtensibilityGlobals) = postSolution
		SolutionGuid = {AA9ADF3E-2280-4284-B8CB-8F9AEAA4A484}
	EndGlobalSection
EndGlobal
